// !$*UTF8*$!
{
	archiveVersion = 1;
	classes = {
	};
	objectVersion = 54;
	objects = {

/* Begin PBXBuildFile section */
		164BBCCE24CAA0AE0076EF54 /* DLABDeckControlStatusCallback.h in Headers */ = {isa = PBXBuildFile; fileRef = 164BBCCC24CAA0AE0076EF54 /* DLABDeckControlStatusCallback.h */; };
		164BBCCF24CAA0AE0076EF54 /* DLABDeckControlStatusCallback.mm in Sources */ = {isa = PBXBuildFile; fileRef = 164BBCCD24CAA0AE0076EF54 /* DLABDeckControlStatusCallback.mm */; };
		164BBCD224CAB4090076EF54 /* DLABDeckControl.h in Headers */ = {isa = PBXBuildFile; fileRef = 164BBCD024CAB4090076EF54 /* DLABDeckControl.h */; settings = {ATTRIBUTES = (Public, ); }; };
		164BBCD324CAB4090076EF54 /* DLABDeckControl.mm in Sources */ = {isa = PBXBuildFile; fileRef = 164BBCD124CAB4090076EF54 /* DLABDeckControl.mm */; };
		164BBCD524CC2D100076EF54 /* DLABDeckControl+Internal.h in Headers */ = {isa = PBXBuildFile; fileRef = 164BBCD424CAB4450076EF54 /* DLABDeckControl+Internal.h */; };
		164C828A1F514632001208BD /* DLABridging.h in Headers */ = {isa = PBXBuildFile; fileRef = 164C82881F514632001208BD /* DLABridging.h */; settings = {ATTRIBUTES = (Public, ); }; };
		164C82D11F514687001208BD /* DLABAudioSetting+Internal.h in Headers */ = {isa = PBXBuildFile; fileRef = 164C82AE1F514687001208BD /* DLABAudioSetting+Internal.h */; };
		164C82D21F514687001208BD /* DLABAudioSetting.h in Headers */ = {isa = PBXBuildFile; fileRef = 164C82AF1F514687001208BD /* DLABAudioSetting.h */; settings = {ATTRIBUTES = (Public, ); }; };
		164C82D31F514687001208BD /* DLABAudioSetting.mm in Sources */ = {isa = PBXBuildFile; fileRef = 164C82B01F514687001208BD /* DLABAudioSetting.mm */; };
		164C82D41F514687001208BD /* DLABBrowser+Internal.h in Headers */ = {isa = PBXBuildFile; fileRef = 164C82B11F514687001208BD /* DLABBrowser+Internal.h */; };
		164C82D51F514687001208BD /* DLABBrowser.h in Headers */ = {isa = PBXBuildFile; fileRef = 164C82B21F514687001208BD /* DLABBrowser.h */; settings = {ATTRIBUTES = (Public, ); }; };
		164C82D61F514687001208BD /* DLABBrowser.mm in Sources */ = {isa = PBXBuildFile; fileRef = 164C82B31F514687001208BD /* DLABBrowser.mm */; };
		164C82D71F514687001208BD /* DLABConstants.h in Headers */ = {isa = PBXBuildFile; fileRef = 164C82B41F514687001208BD /* DLABConstants.h */; settings = {ATTRIBUTES = (Public, ); }; };
		164C82D81F514687001208BD /* DLABDevice+Input.mm in Sources */ = {isa = PBXBuildFile; fileRef = 164C82B51F514687001208BD /* DLABDevice+Input.mm */; };
		164C82D91F514687001208BD /* DLABDevice+Internal.h in Headers */ = {isa = PBXBuildFile; fileRef = 164C82B61F514687001208BD /* DLABDevice+Internal.h */; };
		164C82DA1F514687001208BD /* DLABDevice+Output.mm in Sources */ = {isa = PBXBuildFile; fileRef = 164C82B71F514687001208BD /* DLABDevice+Output.mm */; };
		164C82DB1F514687001208BD /* DLABDevice.h in Headers */ = {isa = PBXBuildFile; fileRef = 164C82B81F514687001208BD /* DLABDevice.h */; settings = {ATTRIBUTES = (Public, ); }; };
		164C82DC1F514687001208BD /* DLABDevice.mm in Sources */ = {isa = PBXBuildFile; fileRef = 164C82B91F514687001208BD /* DLABDevice.mm */; };
		164C82DD1F514687001208BD /* DLABDeviceNotificationCallback.h in Headers */ = {isa = PBXBuildFile; fileRef = 164C82BA1F514687001208BD /* DLABDeviceNotificationCallback.h */; };
		164C82DE1F514687001208BD /* DLABDeviceNotificationCallback.mm in Sources */ = {isa = PBXBuildFile; fileRef = 164C82BB1F514687001208BD /* DLABDeviceNotificationCallback.mm */; };
		164C82DF1F514687001208BD /* DLABInputCallback.h in Headers */ = {isa = PBXBuildFile; fileRef = 164C82BC1F514687001208BD /* DLABInputCallback.h */; };
		164C82E01F514687001208BD /* DLABInputCallback.mm in Sources */ = {isa = PBXBuildFile; fileRef = 164C82BD1F514687001208BD /* DLABInputCallback.mm */; };
		164C82E11F514687001208BD /* DLABNotificationCallback.h in Headers */ = {isa = PBXBuildFile; fileRef = 164C82BE1F514687001208BD /* DLABNotificationCallback.h */; };
		164C82E21F514687001208BD /* DLABNotificationCallback.mm in Sources */ = {isa = PBXBuildFile; fileRef = 164C82BF1F514687001208BD /* DLABNotificationCallback.mm */; };
		164C82E31F514687001208BD /* DLABOutputCallback.h in Headers */ = {isa = PBXBuildFile; fileRef = 164C82C01F514687001208BD /* DLABOutputCallback.h */; };
		164C82E41F514687001208BD /* DLABOutputCallback.mm in Sources */ = {isa = PBXBuildFile; fileRef = 164C82C11F514687001208BD /* DLABOutputCallback.mm */; };
		164C82E51F514687001208BD /* DLABTimecodeSetting+Internal.h in Headers */ = {isa = PBXBuildFile; fileRef = 164C82C21F514687001208BD /* DLABTimecodeSetting+Internal.h */; };
		164C82E61F514687001208BD /* DLABTimecodeSetting.h in Headers */ = {isa = PBXBuildFile; fileRef = 164C82C31F514687001208BD /* DLABTimecodeSetting.h */; settings = {ATTRIBUTES = (Public, ); }; };
		164C82E71F514687001208BD /* DLABTimecodeSetting.mm in Sources */ = {isa = PBXBuildFile; fileRef = 164C82C41F514687001208BD /* DLABTimecodeSetting.mm */; };
		164C82E81F514687001208BD /* DLABVideoSetting+Internal.h in Headers */ = {isa = PBXBuildFile; fileRef = 164C82C51F514687001208BD /* DLABVideoSetting+Internal.h */; };
		164C82E91F514687001208BD /* DLABVideoSetting.h in Headers */ = {isa = PBXBuildFile; fileRef = 164C82C61F514687001208BD /* DLABVideoSetting.h */; settings = {ATTRIBUTES = (Public, ); }; };
		164C82EA1F514687001208BD /* DLABVideoSetting.mm in Sources */ = {isa = PBXBuildFile; fileRef = 164C82C71F514687001208BD /* DLABVideoSetting.mm */; };
		164C82EE1F51488A001208BD /* CoreVideo.framework in Frameworks */ = {isa = PBXBuildFile; fileRef = 164C82ED1F51488A001208BD /* CoreVideo.framework */; };
		164C82F01F514898001208BD /* CoreMedia.framework in Frameworks */ = {isa = PBXBuildFile; fileRef = 164C82EF1F514898001208BD /* CoreMedia.framework */; };
		164C82F21F5148E3001208BD /* DeckLinkAPI.framework in Frameworks */ = {isa = PBXBuildFile; fileRef = 164C82F11F5148E3001208BD /* DeckLinkAPI.framework */; };
		164EC8B2241CAF59002FBF36 /* DLABDevice+Profile.mm in Sources */ = {isa = PBXBuildFile; fileRef = 164EC8B1241CAF59002FBF36 /* DLABDevice+Profile.mm */; };
		164EC8B5241E522F002FBF36 /* DLABFrameMetadata.h in Headers */ = {isa = PBXBuildFile; fileRef = 164EC8B3241E522F002FBF36 /* DLABFrameMetadata.h */; settings = {ATTRIBUTES = (Public, ); }; };
		164EC8B6241E522F002FBF36 /* DLABFrameMetadata.mm in Sources */ = {isa = PBXBuildFile; fileRef = 164EC8B4241E522F002FBF36 /* DLABFrameMetadata.mm */; };
		1656BF02240692E500E95D3B /* DLABAncillaryPacket.mm in Sources */ = {isa = PBXBuildFile; fileRef = 1656BF00240692E500E95D3B /* DLABAncillaryPacket.mm */; };
		1656BF03240692E500E95D3B /* DLABAncillaryPacket.h in Headers */ = {isa = PBXBuildFile; fileRef = 1656BF01240692E500E95D3B /* DLABAncillaryPacket.h */; };
		1656BF06241B6B4700E95D3B /* DLABProfileCallback.mm in Sources */ = {isa = PBXBuildFile; fileRef = 1656BF04241B6B4700E95D3B /* DLABProfileCallback.mm */; };
		1656BF07241B6B4700E95D3B /* DLABProfileCallback.h in Headers */ = {isa = PBXBuildFile; fileRef = 1656BF05241B6B4700E95D3B /* DLABProfileCallback.h */; };
		1656BF0E241C6B5B00E95D3B /* DLABProfileAttributes.h in Headers */ = {isa = PBXBuildFile; fileRef = 1656BF0C241C6B5B00E95D3B /* DLABProfileAttributes.h */; settings = {ATTRIBUTES = (Public, ); }; };
		1656BF0F241C6B5B00E95D3B /* DLABProfileAttributes.mm in Sources */ = {isa = PBXBuildFile; fileRef = 1656BF0D241C6B5B00E95D3B /* DLABProfileAttributes.mm */; };
		1656BF11241C7E0100E95D3B /* DLABProfileAttributes+Internal.h in Headers */ = {isa = PBXBuildFile; fileRef = 1656BF10241C6C2000E95D3B /* DLABProfileAttributes+Internal.h */; };
		166A3C672E50156600EFE79D /* DeckLinkAPIVideoFrame3DExtensions_v14_2_1.h in Headers */ = {isa = PBXBuildFile; fileRef = 166A3C612E4FFE4700EFE79D /* DeckLinkAPIVideoFrame3DExtensions_v14_2_1.h */; };
		166A3C682E50156600EFE79D /* DeckLinkAPIStreaming.h in Headers */ = {isa = PBXBuildFile; fileRef = 166A3C5C2E4FFE4700EFE79D /* DeckLinkAPIStreaming.h */; };
		166A3C692E50156600EFE79D /* DeckLinkAPIVideoInput_v14_2_1.h in Headers */ = {isa = PBXBuildFile; fileRef = 166A3C642E4FFE4700EFE79D /* DeckLinkAPIVideoInput_v14_2_1.h */; };
		166A3C6A2E50156600EFE79D /* DeckLinkAPI_v14_2_1.h in Headers */ = {isa = PBXBuildFile; fileRef = 166A3C512E4FFE4700EFE79D /* DeckLinkAPI_v14_2_1.h */; };
		166A3C6B2E50156600EFE79D /* DeckLinkAPIMetalScreenPreview_v14_2_1.h in Headers */ = {isa = PBXBuildFile; fileRef = 166A3C592E4FFE4700EFE79D /* DeckLinkAPIMetalScreenPreview_v14_2_1.h */; };
		166A3C6C2E50156600EFE79D /* DeckLinkAPITypes.h in Headers */ = {isa = PBXBuildFile; fileRef = 166A3C5D2E4FFE4700EFE79D /* DeckLinkAPITypes.h */; };
		166A3C6D2E50156600EFE79D /* DeckLinkAPI.h in Headers */ = {isa = PBXBuildFile; fileRef = 166A3C4E2E4FFE4700EFE79D /* DeckLinkAPI.h */; };
		166A3C6E2E50156600EFE79D /* DeckLinkAPIMemoryAllocator_v14_2_1.h in Headers */ = {isa = PBXBuildFile; fileRef = 166A3C582E4FFE4700EFE79D /* DeckLinkAPIMemoryAllocator_v14_2_1.h */; };
		166A3C6F2E50156600EFE79D /* DeckLinkAPIModes.h in Headers */ = {isa = PBXBuildFile; fileRef = 166A3C5A2E4FFE4700EFE79D /* DeckLinkAPIModes.h */; };
		166A3C702E50156600EFE79D /* DeckLinkAPIGLScreenPreview_v14_2_1.h in Headers */ = {isa = PBXBuildFile; fileRef = 166A3C572E4FFE4700EFE79D /* DeckLinkAPIGLScreenPreview_v14_2_1.h */; };
		166A3C712E50156600EFE79D /* DeckLinkAPI_v11_5.h in Headers */ = {isa = PBXBuildFile; fileRef = 166A3C4F2E4FFE4700EFE79D /* DeckLinkAPI_v11_5.h */; };
		166A3C722E50156600EFE79D /* DeckLinkAPIVersion.h in Headers */ = {isa = PBXBuildFile; fileRef = 166A3C5E2E4FFE4700EFE79D /* DeckLinkAPIVersion.h */; };
		166A3C732E50156600EFE79D /* DeckLinkAPIVideoInput_v11_4.h in Headers */ = {isa = PBXBuildFile; fileRef = 166A3C622E4FFE4700EFE79D /* DeckLinkAPIVideoInput_v11_4.h */; };
		166A3C742E50156600EFE79D /* DeckLinkAPIVideoFrame_v14_2_1.h in Headers */ = {isa = PBXBuildFile; fileRef = 166A3C602E4FFE4700EFE79D /* DeckLinkAPIVideoFrame_v14_2_1.h */; };
		166A3C752E50156600EFE79D /* DeckLinkAPIVideoOutput_v14_2_1.h in Headers */ = {isa = PBXBuildFile; fileRef = 166A3C662E4FFE4700EFE79D /* DeckLinkAPIVideoOutput_v14_2_1.h */; };
		166A3C762E50156600EFE79D /* DeckLinkAPIVideoInput_v11_5_1.h in Headers */ = {isa = PBXBuildFile; fileRef = 166A3C632E4FFE4700EFE79D /* DeckLinkAPIVideoInput_v11_5_1.h */; };
		166A3C772E50156600EFE79D /* DeckLinkAPIConfiguration.h in Headers */ = {isa = PBXBuildFile; fileRef = 166A3C522E4FFE4700EFE79D /* DeckLinkAPIConfiguration.h */; };
		166A3C782E50156600EFE79D /* DeckLinkAPI_v11_5_1.h in Headers */ = {isa = PBXBuildFile; fileRef = 166A3C502E4FFE4700EFE79D /* DeckLinkAPI_v11_5_1.h */; };
		166A3C792E50156600EFE79D /* DeckLinkAPIVideoOutput_v11_4.h in Headers */ = {isa = PBXBuildFile; fileRef = 166A3C652E4FFE4700EFE79D /* DeckLinkAPIVideoOutput_v11_4.h */; };
		166A3C7A2E50156600EFE79D /* DeckLinkAPIScreenPreviewCallback_v14_2_1.h in Headers */ = {isa = PBXBuildFile; fileRef = 166A3C5B2E4FFE4700EFE79D /* DeckLinkAPIScreenPreviewCallback_v14_2_1.h */; };
		166A3C7B2E50156600EFE79D /* DeckLinkAPIDiscovery.h in Headers */ = {isa = PBXBuildFile; fileRef = 166A3C542E4FFE4700EFE79D /* DeckLinkAPIDiscovery.h */; };
		166A3C7C2E50156600EFE79D /* DeckLinkAPIVideoConversion_v14_2_1.h in Headers */ = {isa = PBXBuildFile; fileRef = 166A3C5F2E4FFE4700EFE79D /* DeckLinkAPIVideoConversion_v14_2_1.h */; };
		166A3C7D2E50156600EFE79D /* DeckLinkAPIDeckControl.h in Headers */ = {isa = PBXBuildFile; fileRef = 166A3C532E4FFE4700EFE79D /* DeckLinkAPIDeckControl.h */; };
		166A3C7E2E50156600EFE79D /* DeckLinkAPIDispatch_v14_2_1.cpp in Sources */ = {isa = PBXBuildFile; fileRef = 166A3C562E4FFE4700EFE79D /* DeckLinkAPIDispatch_v14_2_1.cpp */; };
		166A3C7F2E50156600EFE79D /* DeckLinkAPIDispatch.cpp in Sources */ = {isa = PBXBuildFile; fileRef = 166A3C552E4FFE4700EFE79D /* DeckLinkAPIDispatch.cpp */; };
		16996D3A2425AB2D00878D02 /* DLABFrameMetadata+Internal.h in Headers */ = {isa = PBXBuildFile; fileRef = 164EC8B7241E524C002FBF36 /* DLABFrameMetadata+Internal.h */; };
		16B0BF19243BEE12004C2BDF /* DLABVideoConverter.h in Headers */ = {isa = PBXBuildFile; fileRef = 16B0BF17243BEE12004C2BDF /* DLABVideoConverter.h */; };
		16B0BF1A243BEE12004C2BDF /* DLABVideoConverter.mm in Sources */ = {isa = PBXBuildFile; fileRef = 16B0BF18243BEE12004C2BDF /* DLABVideoConverter.mm */; };
		16B0BF1C243DC8CC004C2BDF /* Accelerate.framework in Frameworks */ = {isa = PBXBuildFile; fileRef = 16B0BF1B243DC8CC004C2BDF /* Accelerate.framework */; };
		16B0BF1E243DC93A004C2BDF /* CoreGraphics.framework in Frameworks */ = {isa = PBXBuildFile; fileRef = 16B0BF1D243DC93A004C2BDF /* CoreGraphics.framework */; };
		16B81E0B29223A3600A38745 /* AudioToolbox.framework in Frameworks */ = {isa = PBXBuildFile; fileRef = 16B81E0A29223A3600A38745 /* AudioToolbox.framework */; };
/* End PBXBuildFile section */

/* Begin PBXFileReference section */
		164BBCCC24CAA0AE0076EF54 /* DLABDeckControlStatusCallback.h */ = {isa = PBXFileReference; fileEncoding = 4; lastKnownFileType = sourcecode.c.h; path = DLABDeckControlStatusCallback.h; sourceTree = "<group>"; };
		164BBCCD24CAA0AE0076EF54 /* DLABDeckControlStatusCallback.mm */ = {isa = PBXFileReference; fileEncoding = 4; lastKnownFileType = sourcecode.cpp.objcpp; path = DLABDeckControlStatusCallback.mm; sourceTree = "<group>"; };
		164BBCD024CAB4090076EF54 /* DLABDeckControl.h */ = {isa = PBXFileReference; lastKnownFileType = sourcecode.c.h; path = DLABDeckControl.h; sourceTree = "<group>"; };
		164BBCD124CAB4090076EF54 /* DLABDeckControl.mm */ = {isa = PBXFileReference; lastKnownFileType = sourcecode.cpp.objcpp; path = DLABDeckControl.mm; sourceTree = "<group>"; };
		164BBCD424CAB4450076EF54 /* DLABDeckControl+Internal.h */ = {isa = PBXFileReference; lastKnownFileType = sourcecode.c.h; path = "DLABDeckControl+Internal.h"; sourceTree = "<group>"; };
		164C82851F514632001208BD /* DLABridging.framework */ = {isa = PBXFileReference; explicitFileType = wrapper.framework; includeInIndex = 0; path = DLABridging.framework; sourceTree = BUILT_PRODUCTS_DIR; };
		164C82881F514632001208BD /* DLABridging.h */ = {isa = PBXFileReference; lastKnownFileType = sourcecode.c.h; path = DLABridging.h; sourceTree = "<group>"; };
		164C82891F514632001208BD /* Info.plist */ = {isa = PBXFileReference; lastKnownFileType = text.plist.xml; path = Info.plist; sourceTree = "<group>"; };
		164C82AE1F514687001208BD /* DLABAudioSetting+Internal.h */ = {isa = PBXFileReference; fileEncoding = 4; lastKnownFileType = sourcecode.c.h; path = "DLABAudioSetting+Internal.h"; sourceTree = "<group>"; };
		164C82AF1F514687001208BD /* DLABAudioSetting.h */ = {isa = PBXFileReference; fileEncoding = 4; lastKnownFileType = sourcecode.c.h; path = DLABAudioSetting.h; sourceTree = "<group>"; };
		164C82B01F514687001208BD /* DLABAudioSetting.mm */ = {isa = PBXFileReference; fileEncoding = 4; lastKnownFileType = sourcecode.cpp.objcpp; lineEnding = 0; path = DLABAudioSetting.mm; sourceTree = "<group>"; xcLanguageSpecificationIdentifier = xcode.lang.objcpp; };
		164C82B11F514687001208BD /* DLABBrowser+Internal.h */ = {isa = PBXFileReference; fileEncoding = 4; lastKnownFileType = sourcecode.c.h; lineEnding = 0; path = "DLABBrowser+Internal.h"; sourceTree = "<group>"; xcLanguageSpecificationIdentifier = xcode.lang.objcpp; };
		164C82B21F514687001208BD /* DLABBrowser.h */ = {isa = PBXFileReference; fileEncoding = 4; lastKnownFileType = sourcecode.c.h; lineEnding = 0; path = DLABBrowser.h; sourceTree = "<group>"; xcLanguageSpecificationIdentifier = xcode.lang.objcpp; };
		164C82B31F514687001208BD /* DLABBrowser.mm */ = {isa = PBXFileReference; fileEncoding = 4; lastKnownFileType = sourcecode.cpp.objcpp; lineEnding = 0; path = DLABBrowser.mm; sourceTree = "<group>"; xcLanguageSpecificationIdentifier = xcode.lang.objcpp; };
		164C82B41F514687001208BD /* DLABConstants.h */ = {isa = PBXFileReference; fileEncoding = 4; lastKnownFileType = sourcecode.c.h; lineEnding = 0; path = DLABConstants.h; sourceTree = "<group>"; xcLanguageSpecificationIdentifier = xcode.lang.objcpp; };
		164C82B51F514687001208BD /* DLABDevice+Input.mm */ = {isa = PBXFileReference; fileEncoding = 4; lastKnownFileType = sourcecode.cpp.objcpp; lineEnding = 0; path = "DLABDevice+Input.mm"; sourceTree = "<group>"; xcLanguageSpecificationIdentifier = xcode.lang.objcpp; };
		164C82B61F514687001208BD /* DLABDevice+Internal.h */ = {isa = PBXFileReference; fileEncoding = 4; lastKnownFileType = sourcecode.c.h; lineEnding = 0; path = "DLABDevice+Internal.h"; sourceTree = "<group>"; xcLanguageSpecificationIdentifier = xcode.lang.objcpp; };
		164C82B71F514687001208BD /* DLABDevice+Output.mm */ = {isa = PBXFileReference; fileEncoding = 4; lastKnownFileType = sourcecode.cpp.objcpp; lineEnding = 0; path = "DLABDevice+Output.mm"; sourceTree = "<group>"; xcLanguageSpecificationIdentifier = xcode.lang.objcpp; };
		164C82B81F514687001208BD /* DLABDevice.h */ = {isa = PBXFileReference; fileEncoding = 4; lastKnownFileType = sourcecode.c.h; lineEnding = 0; path = DLABDevice.h; sourceTree = "<group>"; xcLanguageSpecificationIdentifier = xcode.lang.objcpp; };
		164C82B91F514687001208BD /* DLABDevice.mm */ = {isa = PBXFileReference; fileEncoding = 4; lastKnownFileType = sourcecode.cpp.objcpp; lineEnding = 0; path = DLABDevice.mm; sourceTree = "<group>"; xcLanguageSpecificationIdentifier = xcode.lang.objcpp; };
		164C82BA1F514687001208BD /* DLABDeviceNotificationCallback.h */ = {isa = PBXFileReference; fileEncoding = 4; lastKnownFileType = sourcecode.c.h; path = DLABDeviceNotificationCallback.h; sourceTree = "<group>"; };
		164C82BB1F514687001208BD /* DLABDeviceNotificationCallback.mm */ = {isa = PBXFileReference; fileEncoding = 4; lastKnownFileType = sourcecode.cpp.objcpp; path = DLABDeviceNotificationCallback.mm; sourceTree = "<group>"; };
		164C82BC1F514687001208BD /* DLABInputCallback.h */ = {isa = PBXFileReference; fileEncoding = 4; lastKnownFileType = sourcecode.c.h; path = DLABInputCallback.h; sourceTree = "<group>"; };
		164C82BD1F514687001208BD /* DLABInputCallback.mm */ = {isa = PBXFileReference; fileEncoding = 4; lastKnownFileType = sourcecode.cpp.objcpp; path = DLABInputCallback.mm; sourceTree = "<group>"; };
		164C82BE1F514687001208BD /* DLABNotificationCallback.h */ = {isa = PBXFileReference; fileEncoding = 4; lastKnownFileType = sourcecode.c.h; path = DLABNotificationCallback.h; sourceTree = "<group>"; };
		164C82BF1F514687001208BD /* DLABNotificationCallback.mm */ = {isa = PBXFileReference; fileEncoding = 4; lastKnownFileType = sourcecode.cpp.objcpp; path = DLABNotificationCallback.mm; sourceTree = "<group>"; };
		164C82C01F514687001208BD /* DLABOutputCallback.h */ = {isa = PBXFileReference; fileEncoding = 4; lastKnownFileType = sourcecode.c.h; path = DLABOutputCallback.h; sourceTree = "<group>"; };
		164C82C11F514687001208BD /* DLABOutputCallback.mm */ = {isa = PBXFileReference; fileEncoding = 4; lastKnownFileType = sourcecode.cpp.objcpp; path = DLABOutputCallback.mm; sourceTree = "<group>"; };
		164C82C21F514687001208BD /* DLABTimecodeSetting+Internal.h */ = {isa = PBXFileReference; fileEncoding = 4; lastKnownFileType = sourcecode.c.h; path = "DLABTimecodeSetting+Internal.h"; sourceTree = "<group>"; };
		164C82C31F514687001208BD /* DLABTimecodeSetting.h */ = {isa = PBXFileReference; fileEncoding = 4; lastKnownFileType = sourcecode.c.h; path = DLABTimecodeSetting.h; sourceTree = "<group>"; };
		164C82C41F514687001208BD /* DLABTimecodeSetting.mm */ = {isa = PBXFileReference; fileEncoding = 4; lastKnownFileType = sourcecode.cpp.objcpp; path = DLABTimecodeSetting.mm; sourceTree = "<group>"; };
		164C82C51F514687001208BD /* DLABVideoSetting+Internal.h */ = {isa = PBXFileReference; fileEncoding = 4; lastKnownFileType = sourcecode.c.h; lineEnding = 0; path = "DLABVideoSetting+Internal.h"; sourceTree = "<group>"; xcLanguageSpecificationIdentifier = xcode.lang.objcpp; };
		164C82C61F514687001208BD /* DLABVideoSetting.h */ = {isa = PBXFileReference; fileEncoding = 4; lastKnownFileType = sourcecode.c.h; lineEnding = 0; path = DLABVideoSetting.h; sourceTree = "<group>"; xcLanguageSpecificationIdentifier = xcode.lang.objcpp; };
		164C82C71F514687001208BD /* DLABVideoSetting.mm */ = {isa = PBXFileReference; fileEncoding = 4; lastKnownFileType = sourcecode.cpp.objcpp; lineEnding = 0; path = DLABVideoSetting.mm; sourceTree = "<group>"; xcLanguageSpecificationIdentifier = xcode.lang.objcpp; };
		164C82ED1F51488A001208BD /* CoreVideo.framework */ = {isa = PBXFileReference; lastKnownFileType = wrapper.framework; name = CoreVideo.framework; path = System/Library/Frameworks/CoreVideo.framework; sourceTree = SDKROOT; };
		164C82EF1F514898001208BD /* CoreMedia.framework */ = {isa = PBXFileReference; lastKnownFileType = wrapper.framework; name = CoreMedia.framework; path = System/Library/Frameworks/CoreMedia.framework; sourceTree = SDKROOT; };
		164C82F11F5148E3001208BD /* DeckLinkAPI.framework */ = {isa = PBXFileReference; lastKnownFileType = wrapper.framework; name = DeckLinkAPI.framework; path = ../../../../../../Library/Frameworks/DeckLinkAPI.framework; sourceTree = "<group>"; };
		164EC8B1241CAF59002FBF36 /* DLABDevice+Profile.mm */ = {isa = PBXFileReference; lastKnownFileType = sourcecode.cpp.objcpp; path = "DLABDevice+Profile.mm"; sourceTree = "<group>"; };
		164EC8B3241E522F002FBF36 /* DLABFrameMetadata.h */ = {isa = PBXFileReference; lastKnownFileType = sourcecode.c.h; path = DLABFrameMetadata.h; sourceTree = "<group>"; };
		164EC8B4241E522F002FBF36 /* DLABFrameMetadata.mm */ = {isa = PBXFileReference; lastKnownFileType = sourcecode.cpp.objcpp; path = DLABFrameMetadata.mm; sourceTree = "<group>"; };
		164EC8B7241E524C002FBF36 /* DLABFrameMetadata+Internal.h */ = {isa = PBXFileReference; lastKnownFileType = sourcecode.c.h; path = "DLABFrameMetadata+Internal.h"; sourceTree = "<group>"; };
		1656BF00240692E500E95D3B /* DLABAncillaryPacket.mm */ = {isa = PBXFileReference; explicitFileType = sourcecode.cpp.objcpp; fileEncoding = 4; path = DLABAncillaryPacket.mm; sourceTree = "<group>"; };
		1656BF01240692E500E95D3B /* DLABAncillaryPacket.h */ = {isa = PBXFileReference; fileEncoding = 4; lastKnownFileType = sourcecode.c.h; path = DLABAncillaryPacket.h; sourceTree = "<group>"; };
		1656BF04241B6B4700E95D3B /* DLABProfileCallback.mm */ = {isa = PBXFileReference; fileEncoding = 4; lastKnownFileType = sourcecode.cpp.objcpp; path = DLABProfileCallback.mm; sourceTree = "<group>"; };
		1656BF05241B6B4700E95D3B /* DLABProfileCallback.h */ = {isa = PBXFileReference; fileEncoding = 4; lastKnownFileType = sourcecode.c.h; path = DLABProfileCallback.h; sourceTree = "<group>"; };
		1656BF0C241C6B5B00E95D3B /* DLABProfileAttributes.h */ = {isa = PBXFileReference; lastKnownFileType = sourcecode.c.h; path = DLABProfileAttributes.h; sourceTree = "<group>"; };
		1656BF0D241C6B5B00E95D3B /* DLABProfileAttributes.mm */ = {isa = PBXFileReference; lastKnownFileType = sourcecode.cpp.objcpp; path = DLABProfileAttributes.mm; sourceTree = "<group>"; };
		1656BF10241C6C2000E95D3B /* DLABProfileAttributes+Internal.h */ = {isa = PBXFileReference; lastKnownFileType = sourcecode.c.h; path = "DLABProfileAttributes+Internal.h"; sourceTree = "<group>"; };
		166A3C4E2E4FFE4700EFE79D /* DeckLinkAPI.h */ = {isa = PBXFileReference; lastKnownFileType = sourcecode.c.h; path = DeckLinkAPI.h; sourceTree = "<group>"; };
		166A3C4F2E4FFE4700EFE79D /* DeckLinkAPI_v11_5.h */ = {isa = PBXFileReference; lastKnownFileType = sourcecode.c.h; path = DeckLinkAPI_v11_5.h; sourceTree = "<group>"; };
		166A3C502E4FFE4700EFE79D /* DeckLinkAPI_v11_5_1.h */ = {isa = PBXFileReference; lastKnownFileType = sourcecode.c.h; path = DeckLinkAPI_v11_5_1.h; sourceTree = "<group>"; };
		166A3C512E4FFE4700EFE79D /* DeckLinkAPI_v14_2_1.h */ = {isa = PBXFileReference; lastKnownFileType = sourcecode.c.h; path = DeckLinkAPI_v14_2_1.h; sourceTree = "<group>"; };
		166A3C522E4FFE4700EFE79D /* DeckLinkAPIConfiguration.h */ = {isa = PBXFileReference; lastKnownFileType = sourcecode.c.h; path = DeckLinkAPIConfiguration.h; sourceTree = "<group>"; };
		166A3C532E4FFE4700EFE79D /* DeckLinkAPIDeckControl.h */ = {isa = PBXFileReference; lastKnownFileType = sourcecode.c.h; path = DeckLinkAPIDeckControl.h; sourceTree = "<group>"; };
		166A3C542E4FFE4700EFE79D /* DeckLinkAPIDiscovery.h */ = {isa = PBXFileReference; lastKnownFileType = sourcecode.c.h; path = DeckLinkAPIDiscovery.h; sourceTree = "<group>"; };
		166A3C552E4FFE4700EFE79D /* DeckLinkAPIDispatch.cpp */ = {isa = PBXFileReference; lastKnownFileType = sourcecode.cpp.cpp; path = DeckLinkAPIDispatch.cpp; sourceTree = "<group>"; };
		166A3C562E4FFE4700EFE79D /* DeckLinkAPIDispatch_v14_2_1.cpp */ = {isa = PBXFileReference; lastKnownFileType = sourcecode.cpp.cpp; path = DeckLinkAPIDispatch_v14_2_1.cpp; sourceTree = "<group>"; };
		166A3C572E4FFE4700EFE79D /* DeckLinkAPIGLScreenPreview_v14_2_1.h */ = {isa = PBXFileReference; lastKnownFileType = sourcecode.c.h; path = DeckLinkAPIGLScreenPreview_v14_2_1.h; sourceTree = "<group>"; };
		166A3C582E4FFE4700EFE79D /* DeckLinkAPIMemoryAllocator_v14_2_1.h */ = {isa = PBXFileReference; lastKnownFileType = sourcecode.c.h; path = DeckLinkAPIMemoryAllocator_v14_2_1.h; sourceTree = "<group>"; };
		166A3C592E4FFE4700EFE79D /* DeckLinkAPIMetalScreenPreview_v14_2_1.h */ = {isa = PBXFileReference; lastKnownFileType = sourcecode.c.h; path = DeckLinkAPIMetalScreenPreview_v14_2_1.h; sourceTree = "<group>"; };
		166A3C5A2E4FFE4700EFE79D /* DeckLinkAPIModes.h */ = {isa = PBXFileReference; lastKnownFileType = sourcecode.c.h; path = DeckLinkAPIModes.h; sourceTree = "<group>"; };
		166A3C5B2E4FFE4700EFE79D /* DeckLinkAPIScreenPreviewCallback_v14_2_1.h */ = {isa = PBXFileReference; lastKnownFileType = sourcecode.c.h; path = DeckLinkAPIScreenPreviewCallback_v14_2_1.h; sourceTree = "<group>"; };
		166A3C5C2E4FFE4700EFE79D /* DeckLinkAPIStreaming.h */ = {isa = PBXFileReference; lastKnownFileType = sourcecode.c.h; path = DeckLinkAPIStreaming.h; sourceTree = "<group>"; };
		166A3C5D2E4FFE4700EFE79D /* DeckLinkAPITypes.h */ = {isa = PBXFileReference; lastKnownFileType = sourcecode.c.h; path = DeckLinkAPITypes.h; sourceTree = "<group>"; };
		166A3C5E2E4FFE4700EFE79D /* DeckLinkAPIVersion.h */ = {isa = PBXFileReference; lastKnownFileType = sourcecode.c.h; path = DeckLinkAPIVersion.h; sourceTree = "<group>"; };
		166A3C5F2E4FFE4700EFE79D /* DeckLinkAPIVideoConversion_v14_2_1.h */ = {isa = PBXFileReference; lastKnownFileType = sourcecode.c.h; path = DeckLinkAPIVideoConversion_v14_2_1.h; sourceTree = "<group>"; };
		166A3C602E4FFE4700EFE79D /* DeckLinkAPIVideoFrame_v14_2_1.h */ = {isa = PBXFileReference; lastKnownFileType = sourcecode.c.h; path = DeckLinkAPIVideoFrame_v14_2_1.h; sourceTree = "<group>"; };
		166A3C612E4FFE4700EFE79D /* DeckLinkAPIVideoFrame3DExtensions_v14_2_1.h */ = {isa = PBXFileReference; lastKnownFileType = sourcecode.c.h; path = DeckLinkAPIVideoFrame3DExtensions_v14_2_1.h; sourceTree = "<group>"; };
		166A3C622E4FFE4700EFE79D /* DeckLinkAPIVideoInput_v11_4.h */ = {isa = PBXFileReference; lastKnownFileType = sourcecode.c.h; path = DeckLinkAPIVideoInput_v11_4.h; sourceTree = "<group>"; };
		166A3C632E4FFE4700EFE79D /* DeckLinkAPIVideoInput_v11_5_1.h */ = {isa = PBXFileReference; lastKnownFileType = sourcecode.c.h; path = DeckLinkAPIVideoInput_v11_5_1.h; sourceTree = "<group>"; };
		166A3C642E4FFE4700EFE79D /* DeckLinkAPIVideoInput_v14_2_1.h */ = {isa = PBXFileReference; lastKnownFileType = sourcecode.c.h; path = DeckLinkAPIVideoInput_v14_2_1.h; sourceTree = "<group>"; };
		166A3C652E4FFE4700EFE79D /* DeckLinkAPIVideoOutput_v11_4.h */ = {isa = PBXFileReference; lastKnownFileType = sourcecode.c.h; path = DeckLinkAPIVideoOutput_v11_4.h; sourceTree = "<group>"; };
		166A3C662E4FFE4700EFE79D /* DeckLinkAPIVideoOutput_v14_2_1.h */ = {isa = PBXFileReference; lastKnownFileType = sourcecode.c.h; path = DeckLinkAPIVideoOutput_v14_2_1.h; sourceTree = "<group>"; };
		16B0BF17243BEE12004C2BDF /* DLABVideoConverter.h */ = {isa = PBXFileReference; lastKnownFileType = sourcecode.c.h; path = DLABVideoConverter.h; sourceTree = "<group>"; };
		16B0BF18243BEE12004C2BDF /* DLABVideoConverter.mm */ = {isa = PBXFileReference; lastKnownFileType = sourcecode.cpp.objcpp; path = DLABVideoConverter.mm; sourceTree = "<group>"; };
		16B0BF1B243DC8CC004C2BDF /* Accelerate.framework */ = {isa = PBXFileReference; lastKnownFileType = wrapper.framework; name = Accelerate.framework; path = System/Library/Frameworks/Accelerate.framework; sourceTree = SDKROOT; };
		16B0BF1D243DC93A004C2BDF /* CoreGraphics.framework */ = {isa = PBXFileReference; lastKnownFileType = wrapper.framework; name = CoreGraphics.framework; path = System/Library/Frameworks/CoreGraphics.framework; sourceTree = SDKROOT; };
		16B81E0A29223A3600A38745 /* AudioToolbox.framework */ = {isa = PBXFileReference; lastKnownFileType = wrapper.framework; name = AudioToolbox.framework; path = System/Library/Frameworks/AudioToolbox.framework; sourceTree = SDKROOT; };
/* End PBXFileReference section */

/* Begin PBXFrameworksBuildPhase section */
		164C82811F514632001208BD /* Frameworks */ = {
			isa = PBXFrameworksBuildPhase;
			buildActionMask = 2147483647;
			files = (
				164C82F21F5148E3001208BD /* DeckLinkAPI.framework in Frameworks */,
				16B0BF1C243DC8CC004C2BDF /* Accelerate.framework in Frameworks */,
				164C82F01F514898001208BD /* CoreMedia.framework in Frameworks */,
				16B0BF1E243DC93A004C2BDF /* CoreGraphics.framework in Frameworks */,
				164C82EE1F51488A001208BD /* CoreVideo.framework in Frameworks */,
				16B81E0B29223A3600A38745 /* AudioToolbox.framework in Frameworks */,
			);
			runOnlyForDeploymentPostprocessing = 0;
		};
/* End PBXFrameworksBuildPhase section */

/* Begin PBXGroup section */
		163CF44A24023A7B00732F8C /* DeckLink API */ = {
			isa = PBXGroup;
			children = (
				166A3C4E2E4FFE4700EFE79D /* DeckLinkAPI.h */,
				166A3C4F2E4FFE4700EFE79D /* DeckLinkAPI_v11_5.h */,
				166A3C502E4FFE4700EFE79D /* DeckLinkAPI_v11_5_1.h */,
				166A3C512E4FFE4700EFE79D /* DeckLinkAPI_v14_2_1.h */,
				166A3C522E4FFE4700EFE79D /* DeckLinkAPIConfiguration.h */,
				166A3C532E4FFE4700EFE79D /* DeckLinkAPIDeckControl.h */,
				166A3C542E4FFE4700EFE79D /* DeckLinkAPIDiscovery.h */,
				166A3C552E4FFE4700EFE79D /* DeckLinkAPIDispatch.cpp */,
				166A3C562E4FFE4700EFE79D /* DeckLinkAPIDispatch_v14_2_1.cpp */,
				166A3C572E4FFE4700EFE79D /* DeckLinkAPIGLScreenPreview_v14_2_1.h */,
				166A3C582E4FFE4700EFE79D /* DeckLinkAPIMemoryAllocator_v14_2_1.h */,
				166A3C592E4FFE4700EFE79D /* DeckLinkAPIMetalScreenPreview_v14_2_1.h */,
				166A3C5A2E4FFE4700EFE79D /* DeckLinkAPIModes.h */,
				166A3C5B2E4FFE4700EFE79D /* DeckLinkAPIScreenPreviewCallback_v14_2_1.h */,
				166A3C5C2E4FFE4700EFE79D /* DeckLinkAPIStreaming.h */,
				166A3C5D2E4FFE4700EFE79D /* DeckLinkAPITypes.h */,
				166A3C5E2E4FFE4700EFE79D /* DeckLinkAPIVersion.h */,
				166A3C5F2E4FFE4700EFE79D /* DeckLinkAPIVideoConversion_v14_2_1.h */,
				166A3C602E4FFE4700EFE79D /* DeckLinkAPIVideoFrame_v14_2_1.h */,
				166A3C612E4FFE4700EFE79D /* DeckLinkAPIVideoFrame3DExtensions_v14_2_1.h */,
				166A3C622E4FFE4700EFE79D /* DeckLinkAPIVideoInput_v11_4.h */,
				166A3C632E4FFE4700EFE79D /* DeckLinkAPIVideoInput_v11_5_1.h */,
				166A3C642E4FFE4700EFE79D /* DeckLinkAPIVideoInput_v14_2_1.h */,
				166A3C652E4FFE4700EFE79D /* DeckLinkAPIVideoOutput_v11_4.h */,
				166A3C662E4FFE4700EFE79D /* DeckLinkAPIVideoOutput_v14_2_1.h */,
			);
			path = "DeckLink API";
			sourceTree = "<group>";
		};
		164C827B1F514632001208BD = {
			isa = PBXGroup;
			children = (
				163CF44A24023A7B00732F8C /* DeckLink API */,
				164C82AD1F514687001208BD /* Source */,
				164C82871F514632001208BD /* DLABridging */,
				164C82861F514632001208BD /* Products */,
				164C82EC1F51488A001208BD /* Frameworks */,
			);
			sourceTree = "<group>";
		};
		164C82861F514632001208BD /* Products */ = {
			isa = PBXGroup;
			children = (
				164C82851F514632001208BD /* DLABridging.framework */,
			);
			name = Products;
			sourceTree = "<group>";
		};
		164C82871F514632001208BD /* DLABridging */ = {
			isa = PBXGroup;
			children = (
				164C82881F514632001208BD /* DLABridging.h */,
				164C82891F514632001208BD /* Info.plist */,
			);
			path = DLABridging;
			sourceTree = "<group>";
		};
		164C82AD1F514687001208BD /* Source */ = {
			isa = PBXGroup;
			children = (
				16A4C6C31F8B79C40027F5EA /* C++ Class */,
				164C82AF1F514687001208BD /* DLABAudioSetting.h */,
				164C82AE1F514687001208BD /* DLABAudioSetting+Internal.h */,
				164C82B01F514687001208BD /* DLABAudioSetting.mm */,
				164C82B21F514687001208BD /* DLABBrowser.h */,
				164C82B11F514687001208BD /* DLABBrowser+Internal.h */,
				164C82B31F514687001208BD /* DLABBrowser.mm */,
				164C82B41F514687001208BD /* DLABConstants.h */,
				164C82B81F514687001208BD /* DLABDevice.h */,
				164C82B61F514687001208BD /* DLABDevice+Internal.h */,
				164C82B91F514687001208BD /* DLABDevice.mm */,
				164C82B51F514687001208BD /* DLABDevice+Input.mm */,
				164C82B71F514687001208BD /* DLABDevice+Output.mm */,
				164EC8B1241CAF59002FBF36 /* DLABDevice+Profile.mm */,
				164C82C31F514687001208BD /* DLABTimecodeSetting.h */,
				164C82C21F514687001208BD /* DLABTimecodeSetting+Internal.h */,
				164C82C41F514687001208BD /* DLABTimecodeSetting.mm */,
				164C82C61F514687001208BD /* DLABVideoSetting.h */,
				164C82C51F514687001208BD /* DLABVideoSetting+Internal.h */,
				164C82C71F514687001208BD /* DLABVideoSetting.mm */,
				1656BF0C241C6B5B00E95D3B /* DLABProfileAttributes.h */,
				1656BF10241C6C2000E95D3B /* DLABProfileAttributes+Internal.h */,
				1656BF0D241C6B5B00E95D3B /* DLABProfileAttributes.mm */,
				164EC8B3241E522F002FBF36 /* DLABFrameMetadata.h */,
				164EC8B7241E524C002FBF36 /* DLABFrameMetadata+Internal.h */,
				164EC8B4241E522F002FBF36 /* DLABFrameMetadata.mm */,
				16B0BF17243BEE12004C2BDF /* DLABVideoConverter.h */,
				16B0BF18243BEE12004C2BDF /* DLABVideoConverter.mm */,
				164BBCD024CAB4090076EF54 /* DLABDeckControl.h */,
				164BBCD424CAB4450076EF54 /* DLABDeckControl+Internal.h */,
				164BBCD124CAB4090076EF54 /* DLABDeckControl.mm */,
			);
			path = Source;
			sourceTree = "<group>";
		};
		164C82EC1F51488A001208BD /* Frameworks */ = {
			isa = PBXGroup;
			children = (
				16B81E0A29223A3600A38745 /* AudioToolbox.framework */,
				16B0BF1D243DC93A004C2BDF /* CoreGraphics.framework */,
				16B0BF1B243DC8CC004C2BDF /* Accelerate.framework */,
				164C82F11F5148E3001208BD /* DeckLinkAPI.framework */,
				164C82EF1F514898001208BD /* CoreMedia.framework */,
				164C82ED1F51488A001208BD /* CoreVideo.framework */,
			);
			name = Frameworks;
			sourceTree = "<group>";
		};
		16A4C6C31F8B79C40027F5EA /* C++ Class */ = {
			isa = PBXGroup;
			children = (
				164C82BA1F514687001208BD /* DLABDeviceNotificationCallback.h */,
				164C82BB1F514687001208BD /* DLABDeviceNotificationCallback.mm */,
				164C82BC1F514687001208BD /* DLABInputCallback.h */,
				164C82BD1F514687001208BD /* DLABInputCallback.mm */,
				164C82BE1F514687001208BD /* DLABNotificationCallback.h */,
				164C82BF1F514687001208BD /* DLABNotificationCallback.mm */,
				164C82C01F514687001208BD /* DLABOutputCallback.h */,
				164C82C11F514687001208BD /* DLABOutputCallback.mm */,
				1656BF01240692E500E95D3B /* DLABAncillaryPacket.h */,
				1656BF00240692E500E95D3B /* DLABAncillaryPacket.mm */,
				1656BF05241B6B4700E95D3B /* DLABProfileCallback.h */,
				1656BF04241B6B4700E95D3B /* DLABProfileCallback.mm */,
				164BBCCC24CAA0AE0076EF54 /* DLABDeckControlStatusCallback.h */,
				164BBCCD24CAA0AE0076EF54 /* DLABDeckControlStatusCallback.mm */,
			);
			path = "C++ Class";
			sourceTree = "<group>";
		};
/* End PBXGroup section */

/* Begin PBXHeadersBuildPhase section */
		164C82821F514632001208BD /* Headers */ = {
			isa = PBXHeadersBuildPhase;
			buildActionMask = 2147483647;
			files = (
				1656BF07241B6B4700E95D3B /* DLABProfileCallback.h in Headers */,
				164C828A1F514632001208BD /* DLABridging.h in Headers */,
				164BBCCE24CAA0AE0076EF54 /* DLABDeckControlStatusCallback.h in Headers */,
				164BBCD224CAB4090076EF54 /* DLABDeckControl.h in Headers */,
				164C82D51F514687001208BD /* DLABBrowser.h in Headers */,
				164C82D71F514687001208BD /* DLABConstants.h in Headers */,
				164BBCD524CC2D100076EF54 /* DLABDeckControl+Internal.h in Headers */,
				16996D3A2425AB2D00878D02 /* DLABFrameMetadata+Internal.h in Headers */,
				16B0BF19243BEE12004C2BDF /* DLABVideoConverter.h in Headers */,
				164C82DB1F514687001208BD /* DLABDevice.h in Headers */,
				164C82D21F514687001208BD /* DLABAudioSetting.h in Headers */,
				164C82E61F514687001208BD /* DLABTimecodeSetting.h in Headers */,
				164C82E91F514687001208BD /* DLABVideoSetting.h in Headers */,
				164EC8B5241E522F002FBF36 /* DLABFrameMetadata.h in Headers */,
				1656BF03240692E500E95D3B /* DLABAncillaryPacket.h in Headers */,
				164C82D11F514687001208BD /* DLABAudioSetting+Internal.h in Headers */,
				1656BF0E241C6B5B00E95D3B /* DLABProfileAttributes.h in Headers */,
				1656BF11241C7E0100E95D3B /* DLABProfileAttributes+Internal.h in Headers */,
				164C82D41F514687001208BD /* DLABBrowser+Internal.h in Headers */,
				164C82E51F514687001208BD /* DLABTimecodeSetting+Internal.h in Headers */,
				164C82E81F514687001208BD /* DLABVideoSetting+Internal.h in Headers */,
				164C82D91F514687001208BD /* DLABDevice+Internal.h in Headers */,
				166A3C672E50156600EFE79D /* DeckLinkAPIVideoFrame3DExtensions_v14_2_1.h in Headers */,
				166A3C682E50156600EFE79D /* DeckLinkAPIStreaming.h in Headers */,
				166A3C692E50156600EFE79D /* DeckLinkAPIVideoInput_v14_2_1.h in Headers */,
				166A3C6A2E50156600EFE79D /* DeckLinkAPI_v14_2_1.h in Headers */,
				166A3C6B2E50156600EFE79D /* DeckLinkAPIMetalScreenPreview_v14_2_1.h in Headers */,
				166A3C6C2E50156600EFE79D /* DeckLinkAPITypes.h in Headers */,
				166A3C6D2E50156600EFE79D /* DeckLinkAPI.h in Headers */,
				166A3C6E2E50156600EFE79D /* DeckLinkAPIMemoryAllocator_v14_2_1.h in Headers */,
				166A3C6F2E50156600EFE79D /* DeckLinkAPIModes.h in Headers */,
				166A3C702E50156600EFE79D /* DeckLinkAPIGLScreenPreview_v14_2_1.h in Headers */,
				166A3C712E50156600EFE79D /* DeckLinkAPI_v11_5.h in Headers */,
				166A3C722E50156600EFE79D /* DeckLinkAPIVersion.h in Headers */,
				166A3C732E50156600EFE79D /* DeckLinkAPIVideoInput_v11_4.h in Headers */,
				166A3C742E50156600EFE79D /* DeckLinkAPIVideoFrame_v14_2_1.h in Headers */,
				166A3C752E50156600EFE79D /* DeckLinkAPIVideoOutput_v14_2_1.h in Headers */,
				166A3C762E50156600EFE79D /* DeckLinkAPIVideoInput_v11_5_1.h in Headers */,
				166A3C772E50156600EFE79D /* DeckLinkAPIConfiguration.h in Headers */,
				166A3C782E50156600EFE79D /* DeckLinkAPI_v11_5_1.h in Headers */,
				166A3C792E50156600EFE79D /* DeckLinkAPIVideoOutput_v11_4.h in Headers */,
				166A3C7A2E50156600EFE79D /* DeckLinkAPIScreenPreviewCallback_v14_2_1.h in Headers */,
				166A3C7B2E50156600EFE79D /* DeckLinkAPIDiscovery.h in Headers */,
				166A3C7C2E50156600EFE79D /* DeckLinkAPIVideoConversion_v14_2_1.h in Headers */,
				166A3C7D2E50156600EFE79D /* DeckLinkAPIDeckControl.h in Headers */,
				164C82DD1F514687001208BD /* DLABDeviceNotificationCallback.h in Headers */,
				164C82DF1F514687001208BD /* DLABInputCallback.h in Headers */,
				164C82E11F514687001208BD /* DLABNotificationCallback.h in Headers */,
				164C82E31F514687001208BD /* DLABOutputCallback.h in Headers */,
			);
			runOnlyForDeploymentPostprocessing = 0;
		};
/* End PBXHeadersBuildPhase section */

/* Begin PBXNativeTarget section */
		164C82841F514632001208BD /* DLABridging */ = {
			isa = PBXNativeTarget;
			buildConfigurationList = 164C828D1F514632001208BD /* Build configuration list for PBXNativeTarget "DLABridging" */;
			buildPhases = (
				164C82801F514632001208BD /* Sources */,
				164C82811F514632001208BD /* Frameworks */,
				164C82821F514632001208BD /* Headers */,
				164C82831F514632001208BD /* Resources */,
			);
			buildRules = (
			);
			dependencies = (
			);
			name = DLABridging;
			productName = DLABridging;
			productReference = 164C82851F514632001208BD /* DLABridging.framework */;
			productType = "com.apple.product-type.framework";
		};
/* End PBXNativeTarget section */

/* Begin PBXProject section */
		164C827C1F514632001208BD /* Project object */ = {
			isa = PBXProject;
			attributes = {
				BuildIndependentTargetsInParallel = YES;
				LastUpgradeCheck = 1500;
				ORGANIZATIONNAME = MyCometG3;
				TargetAttributes = {
					164C82841F514632001208BD = {
						CreatedOnToolsVersion = 8.3.3;
						ProvisioningStyle = Automatic;
					};
				};
			};
			buildConfigurationList = 164C827F1F514632001208BD /* Build configuration list for PBXProject "DLABridging" */;
			compatibilityVersion = "Xcode 8.0";
			developmentRegion = en;
			hasScannedForEncodings = 0;
			knownRegions = (
				Base,
				en,
			);
			mainGroup = 164C827B1F514632001208BD;
			productRefGroup = 164C82861F514632001208BD /* Products */;
			projectDirPath = "";
			projectRoot = "";
			targets = (
				164C82841F514632001208BD /* DLABridging */,
			);
		};
/* End PBXProject section */

/* Begin PBXResourcesBuildPhase section */
		164C82831F514632001208BD /* Resources */ = {
			isa = PBXResourcesBuildPhase;
			buildActionMask = 2147483647;
			files = (
			);
			runOnlyForDeploymentPostprocessing = 0;
		};
/* End PBXResourcesBuildPhase section */

/* Begin PBXSourcesBuildPhase section */
		164C82801F514632001208BD /* Sources */ = {
			isa = PBXSourcesBuildPhase;
			buildActionMask = 2147483647;
			files = (
				164C82D31F514687001208BD /* DLABAudioSetting.mm in Sources */,
				164C82E21F514687001208BD /* DLABNotificationCallback.mm in Sources */,
				164EC8B2241CAF59002FBF36 /* DLABDevice+Profile.mm in Sources */,
				164C82DA1F514687001208BD /* DLABDevice+Output.mm in Sources */,
				164C82EA1F514687001208BD /* DLABVideoSetting.mm in Sources */,
				164C82DC1F514687001208BD /* DLABDevice.mm in Sources */,
				166A3C7E2E50156600EFE79D /* DeckLinkAPIDispatch_v14_2_1.cpp in Sources */,
				166A3C7F2E50156600EFE79D /* DeckLinkAPIDispatch.cpp in Sources */,
				1656BF02240692E500E95D3B /* DLABAncillaryPacket.mm in Sources */,
				164C82E41F514687001208BD /* DLABOutputCallback.mm in Sources */,
				164EC8B6241E522F002FBF36 /* DLABFrameMetadata.mm in Sources */,
				164C82D81F514687001208BD /* DLABDevice+Input.mm in Sources */,
				164C82E01F514687001208BD /* DLABInputCallback.mm in Sources */,
				164BBCD324CAB4090076EF54 /* DLABDeckControl.mm in Sources */,
				1656BF06241B6B4700E95D3B /* DLABProfileCallback.mm in Sources */,
				164C82DE1F514687001208BD /* DLABDeviceNotificationCallback.mm in Sources */,
				1656BF0F241C6B5B00E95D3B /* DLABProfileAttributes.mm in Sources */,
				164BBCCF24CAA0AE0076EF54 /* DLABDeckControlStatusCallback.mm in Sources */,
				16B0BF1A243BEE12004C2BDF /* DLABVideoConverter.mm in Sources */,
				164C82D61F514687001208BD /* DLABBrowser.mm in Sources */,
				164C82E71F514687001208BD /* DLABTimecodeSetting.mm in Sources */,
			);
			runOnlyForDeploymentPostprocessing = 0;
		};
/* End PBXSourcesBuildPhase section */

/* Begin XCBuildConfiguration section */
		164C828B1F514632001208BD /* Debug */ = {
			isa = XCBuildConfiguration;
			buildSettings = {
				ALWAYS_SEARCH_USER_PATHS = NO;
				CLANG_ANALYZER_LOCALIZABILITY_NONLOCALIZED = YES;
				CLANG_ANALYZER_NONNULL = YES;
				CLANG_ANALYZER_NUMBER_OBJECT_CONVERSION = YES_AGGRESSIVE;
				CLANG_CXX_LANGUAGE_STANDARD = "gnu++20";
				CLANG_CXX_LIBRARY = "libc++";
				CLANG_ENABLE_MODULES = YES;
				CLANG_ENABLE_OBJC_ARC = YES;
				CLANG_ENABLE_OBJC_WEAK = YES;
				CLANG_WARN_BLOCK_CAPTURE_AUTORELEASING = YES;
				CLANG_WARN_BOOL_CONVERSION = YES;
				CLANG_WARN_COMMA = YES;
				CLANG_WARN_CONSTANT_CONVERSION = YES;
				CLANG_WARN_DEPRECATED_OBJC_IMPLEMENTATIONS = YES;
				CLANG_WARN_DIRECT_OBJC_ISA_USAGE = YES_ERROR;
				CLANG_WARN_DOCUMENTATION_COMMENTS = YES;
				CLANG_WARN_EMPTY_BODY = YES;
				CLANG_WARN_ENUM_CONVERSION = YES;
				CLANG_WARN_INFINITE_RECURSION = YES;
				CLANG_WARN_INT_CONVERSION = YES;
				CLANG_WARN_NON_LITERAL_NULL_CONVERSION = YES;
				CLANG_WARN_OBJC_IMPLICIT_RETAIN_SELF = YES;
				CLANG_WARN_OBJC_LITERAL_CONVERSION = YES;
				CLANG_WARN_OBJC_ROOT_CLASS = YES_ERROR;
				CLANG_WARN_QUOTED_INCLUDE_IN_FRAMEWORK_HEADER = YES;
				CLANG_WARN_RANGE_LOOP_ANALYSIS = YES;
				CLANG_WARN_STRICT_PROTOTYPES = YES;
				CLANG_WARN_SUSPICIOUS_MOVE = YES;
				CLANG_WARN_UNGUARDED_AVAILABILITY = YES_AGGRESSIVE;
				CLANG_WARN_UNREACHABLE_CODE = YES;
				CLANG_WARN__DUPLICATE_METHOD_MATCH = YES;
				CODE_SIGN_IDENTITY = "-";
				COPY_PHASE_STRIP = NO;
				CURRENT_PROJECT_VERSION = 1;
				DEAD_CODE_STRIPPING = YES;
				DEBUG_INFORMATION_FORMAT = dwarf;
				ENABLE_STRICT_OBJC_MSGSEND = YES;
				ENABLE_TESTABILITY = YES;
				ENABLE_USER_SCRIPT_SANDBOXING = YES;
				GCC_C_LANGUAGE_STANDARD = gnu17;
				GCC_DYNAMIC_NO_PIC = NO;
				GCC_NO_COMMON_BLOCKS = YES;
				GCC_OPTIMIZATION_LEVEL = 0;
				GCC_PREPROCESSOR_DEFINITIONS = (
					"DEBUG=1",
					"$(inherited)",
				);
				GCC_WARN_64_TO_32_BIT_CONVERSION = YES;
				GCC_WARN_ABOUT_RETURN_TYPE = YES_ERROR;
				GCC_WARN_UNDECLARED_SELECTOR = YES;
				GCC_WARN_UNINITIALIZED_AUTOS = YES_AGGRESSIVE;
				GCC_WARN_UNUSED_FUNCTION = YES;
				GCC_WARN_UNUSED_VARIABLE = YES;
				MACOSX_DEPLOYMENT_TARGET = 10.14;
				MTL_ENABLE_DEBUG_INFO = YES;
				ONLY_ACTIVE_ARCH = YES;
				SDKROOT = macosx;
				VERSIONING_SYSTEM = "apple-generic";
				VERSION_INFO_PREFIX = "";
			};
			name = Debug;
		};
		164C828C1F514632001208BD /* Release */ = {
			isa = XCBuildConfiguration;
			buildSettings = {
				ALWAYS_SEARCH_USER_PATHS = NO;
				CLANG_ANALYZER_LOCALIZABILITY_NONLOCALIZED = YES;
				CLANG_ANALYZER_NONNULL = YES;
				CLANG_ANALYZER_NUMBER_OBJECT_CONVERSION = YES_AGGRESSIVE;
				CLANG_CXX_LANGUAGE_STANDARD = "gnu++20";
				CLANG_CXX_LIBRARY = "libc++";
				CLANG_ENABLE_MODULES = YES;
				CLANG_ENABLE_OBJC_ARC = YES;
				CLANG_ENABLE_OBJC_WEAK = YES;
				CLANG_WARN_BLOCK_CAPTURE_AUTORELEASING = YES;
				CLANG_WARN_BOOL_CONVERSION = YES;
				CLANG_WARN_COMMA = YES;
				CLANG_WARN_CONSTANT_CONVERSION = YES;
				CLANG_WARN_DEPRECATED_OBJC_IMPLEMENTATIONS = YES;
				CLANG_WARN_DIRECT_OBJC_ISA_USAGE = YES_ERROR;
				CLANG_WARN_DOCUMENTATION_COMMENTS = YES;
				CLANG_WARN_EMPTY_BODY = YES;
				CLANG_WARN_ENUM_CONVERSION = YES;
				CLANG_WARN_INFINITE_RECURSION = YES;
				CLANG_WARN_INT_CONVERSION = YES;
				CLANG_WARN_NON_LITERAL_NULL_CONVERSION = YES;
				CLANG_WARN_OBJC_IMPLICIT_RETAIN_SELF = YES;
				CLANG_WARN_OBJC_LITERAL_CONVERSION = YES;
				CLANG_WARN_OBJC_ROOT_CLASS = YES_ERROR;
				CLANG_WARN_QUOTED_INCLUDE_IN_FRAMEWORK_HEADER = YES;
				CLANG_WARN_RANGE_LOOP_ANALYSIS = YES;
				CLANG_WARN_STRICT_PROTOTYPES = YES;
				CLANG_WARN_SUSPICIOUS_MOVE = YES;
				CLANG_WARN_UNGUARDED_AVAILABILITY = YES_AGGRESSIVE;
				CLANG_WARN_UNREACHABLE_CODE = YES;
				CLANG_WARN__DUPLICATE_METHOD_MATCH = YES;
				CODE_SIGN_IDENTITY = "-";
				COPY_PHASE_STRIP = NO;
				CURRENT_PROJECT_VERSION = 1;
				DEAD_CODE_STRIPPING = YES;
				DEBUG_INFORMATION_FORMAT = "dwarf-with-dsym";
				ENABLE_NS_ASSERTIONS = NO;
				ENABLE_STRICT_OBJC_MSGSEND = YES;
				ENABLE_USER_SCRIPT_SANDBOXING = YES;
				GCC_C_LANGUAGE_STANDARD = gnu17;
				GCC_NO_COMMON_BLOCKS = YES;
				GCC_WARN_64_TO_32_BIT_CONVERSION = YES;
				GCC_WARN_ABOUT_RETURN_TYPE = YES_ERROR;
				GCC_WARN_UNDECLARED_SELECTOR = YES;
				GCC_WARN_UNINITIALIZED_AUTOS = YES_AGGRESSIVE;
				GCC_WARN_UNUSED_FUNCTION = YES;
				GCC_WARN_UNUSED_VARIABLE = YES;
				MACOSX_DEPLOYMENT_TARGET = 10.14;
				MTL_ENABLE_DEBUG_INFO = NO;
				SDKROOT = macosx;
				VERSIONING_SYSTEM = "apple-generic";
				VERSION_INFO_PREFIX = "";
			};
			name = Release;
		};
		164C828E1F514632001208BD /* Debug */ = {
			isa = XCBuildConfiguration;
			buildSettings = {
				BUILD_LIBRARY_FOR_DISTRIBUTION = YES;
				CODE_SIGN_IDENTITY = "";
				COMBINE_HIDPI_IMAGES = YES;
				CURRENT_PROJECT_VERSION = 2025.09.11;
				DEAD_CODE_STRIPPING = YES;
				DEFINES_MODULE = YES;
				DEVELOPMENT_TEAM = BV5C4YNA4Z;
				DYLIB_COMPATIBILITY_VERSION = 1;
				DYLIB_CURRENT_VERSION = 1;
				DYLIB_INSTALL_NAME_BASE = "@rpath";
				ENABLE_MODULE_VERIFIER = YES;
				FRAMEWORK_SEARCH_PATHS = (
					"$(inherited)",
					"$(LOCAL_LIBRARY_DIR)/Frameworks",
				);
				FRAMEWORK_VERSION = A;
				INFOPLIST_FILE = DLABridging/Info.plist;
				INSTALL_PATH = "$(LOCAL_LIBRARY_DIR)/Frameworks";
				LD_RUNPATH_SEARCH_PATHS = (
					"$(inherited)",
					"@executable_path/../Frameworks",
					"@loader_path/Frameworks",
				);
				MACOSX_DEPLOYMENT_TARGET = "$(RECOMMENDED_MACOSX_DEPLOYMENT_TARGET)";
				MARKETING_VERSION = 0.10.0b1;
				MODULE_VERIFIER_SUPPORTED_LANGUAGES = "objective-c objective-c++";
				MODULE_VERIFIER_SUPPORTED_LANGUAGE_STANDARDS = "gnu17 gnu++20";
				PRODUCT_BUNDLE_IDENTIFIER = com.mycometg3.DLABridging;
				PRODUCT_NAME = "$(TARGET_NAME)";
				SKIP_INSTALL = YES;
			};
			name = Debug;
		};
		164C828F1F514632001208BD /* Release */ = {
			isa = XCBuildConfiguration;
			buildSettings = {
				BUILD_LIBRARY_FOR_DISTRIBUTION = YES;
				CODE_SIGN_IDENTITY = "";
				COMBINE_HIDPI_IMAGES = YES;
				CURRENT_PROJECT_VERSION = 2025.09.11;
				DEAD_CODE_STRIPPING = YES;
				DEFINES_MODULE = YES;
				DEVELOPMENT_TEAM = BV5C4YNA4Z;
				DYLIB_COMPATIBILITY_VERSION = 1;
				DYLIB_CURRENT_VERSION = 1;
				DYLIB_INSTALL_NAME_BASE = "@rpath";
				ENABLE_MODULE_VERIFIER = YES;
				FRAMEWORK_SEARCH_PATHS = (
					"$(inherited)",
					"$(LOCAL_LIBRARY_DIR)/Frameworks",
				);
				FRAMEWORK_VERSION = A;
				INFOPLIST_FILE = DLABridging/Info.plist;
				INSTALL_PATH = "$(LOCAL_LIBRARY_DIR)/Frameworks";
				LD_RUNPATH_SEARCH_PATHS = (
					"$(inherited)",
					"@executable_path/../Frameworks",
					"@loader_path/Frameworks",
				);
				MACOSX_DEPLOYMENT_TARGET = "$(RECOMMENDED_MACOSX_DEPLOYMENT_TARGET)";
				MARKETING_VERSION = 0.10.0b1;
				MODULE_VERIFIER_SUPPORTED_LANGUAGES = "objective-c objective-c++";
				MODULE_VERIFIER_SUPPORTED_LANGUAGE_STANDARDS = "gnu17 gnu++20";
				PRODUCT_BUNDLE_IDENTIFIER = com.mycometg3.DLABridging;
				PRODUCT_NAME = "$(TARGET_NAME)";
				SKIP_INSTALL = YES;
			};
			name = Release;
		};
/* End XCBuildConfiguration section */

/* Begin XCConfigurationList section */
		164C827F1F514632001208BD /* Build configuration list for PBXProject "DLABridging" */ = {
			isa = XCConfigurationList;
			buildConfigurations = (
				164C828B1F514632001208BD /* Debug */,
				164C828C1F514632001208BD /* Release */,
			);
			defaultConfigurationIsVisible = 0;
			defaultConfigurationName = Release;
		};
		164C828D1F514632001208BD /* Build configuration list for PBXNativeTarget "DLABridging" */ = {
			isa = XCConfigurationList;
			buildConfigurations = (
				164C828E1F514632001208BD /* Debug */,
				164C828F1F514632001208BD /* Release */,
			);
			defaultConfigurationIsVisible = 0;
			defaultConfigurationName = Release;
		};
/* End XCConfigurationList section */
	};
	rootObject = 164C827C1F514632001208BD /* Project object */;
}
